
Microsoft Visual Studio Solution File, Format Version 12.00
# Visual Studio Version 17
VisualStudioVersion = 17.9.34902.65
MinimumVisualStudioVersion = 10.0.40219.1
Project("{FAE04EC0-301F-11D3-BF4B-00C04F79EFBC}") = "Ispalindrome_", "Ispalindrome_\Ispalindrome_.csproj", "{8ADD0324-C1FA-4F32-B029-BBCB5E795B38}"
EndProject
Global
	GlobalSection(SolutionConfigurationPlatforms) = preSolution
		Debug|Any CPU = Debug|Any CPU
		Release|Any CPU = Release|Any CPU
	EndGlobalSection
	GlobalSection(ProjectConfigurationPlatforms) = postSolution
		{8ADD0324-C1FA-4F32-B029-BBCB5E795B38}.Debug|Any CPU.ActiveCfg = Debug|Any CPU
		{8ADD0324-C1FA-4F32-B029-BBCB5E795B38}.Debug|Any CPU.Build.0 = Debug|Any CPU
		{8ADD0324-C1FA-4F32-B029-BBCB5E795B38}.Release|Any CPU.ActiveCfg = Release|Any CPU
		{8ADD0324-C1FA-4F32-B029-BBCB5E795B38}.Release|Any CPU.Build.0 = Release|Any CPU
	EndGlobalSection
	GlobalSection(SolutionProperties) = preSolution
		HideSolutionNode = FALSE
	EndGlobalSection
	GlobalSection(ExtensibilityGlobals) = postSolution
		SolutionGuid = {B4A56ECE-65E2-424C-92DB-904593187939}
	EndGlobalSection
EndGlobal
